
Microsoft Visual Studio Solution File, Format Version 12.00
# Visual Studio 15
VisualStudioVersion = 15.0.28010.2026
MinimumVisualStudioVersion = 10.0.40219.1
Project("{2150E333-8FDC-42A3-9474-1A3956D46DE8}") = "src", "src", "{10446FC1-4D44-4908-85E8-BF61C9FDA462}"
EndProject
Project("{FAE04EC0-301F-11D3-BF4B-00C04F79EFBC}") = "Occurrence", "src\Occurrence\Occurrence.csproj", "{1107A644-9391-48B1-9FF7-BA0D00CABBAD}"
EndProject
Project("{2150E333-8FDC-42A3-9474-1A3956D46DE8}") = "tests", "tests", "{8DC179F3-56A0-48D4-96AF-F89280423892}"
EndProject
Project("{FAE04EC0-301F-11D3-BF4B-00C04F79EFBC}") = "Occurrence.Tests", "tests\Occurrence.Tests\Occurrence.Tests.csproj", "{78BD906B-67AD-4F14-B69E-980FF97316D3}"
EndProject
Global
	GlobalSection(SolutionConfigurationPlatforms) = preSolution
		Debug|Any CPU = Debug|Any CPU
		Release|Any CPU = Release|Any CPU
	EndGlobalSection
	GlobalSection(ProjectConfigurationPlatforms) = postSolution
		{1107A644-9391-48B1-9FF7-BA0D00CABBAD}.Debug|Any CPU.ActiveCfg = Debug|Any CPU
		{1107A644-9391-48B1-9FF7-BA0D00CABBAD}.Debug|Any CPU.Build.0 = Debug|Any CPU
		{1107A644-9391-48B1-9FF7-BA0D00CABBAD}.Release|Any CPU.ActiveCfg = Release|Any CPU
		{1107A644-9391-48B1-9FF7-BA0D00CABBAD}.Release|Any CPU.Build.0 = Release|Any CPU
		{78BD906B-67AD-4F14-B69E-980FF97316D3}.Debug|Any CPU.ActiveCfg = Debug|Any CPU
		{78BD906B-67AD-4F14-B69E-980FF97316D3}.Debug|Any CPU.Build.0 = Debug|Any CPU
		{78BD906B-67AD-4F14-B69E-980FF97316D3}.Release|Any CPU.ActiveCfg = Release|Any CPU
		{78BD906B-67AD-4F14-B69E-980FF97316D3}.Release|Any CPU.Build.0 = Release|Any CPU
	EndGlobalSection
	GlobalSection(SolutionProperties) = preSolution
		HideSolutionNode = FALSE
	EndGlobalSection
	GlobalSection(NestedProjects) = preSolution
		{1107A644-9391-48B1-9FF7-BA0D00CABBAD} = {10446FC1-4D44-4908-85E8-BF61C9FDA462}
		{78BD906B-67AD-4F14-B69E-980FF97316D3} = {8DC179F3-56A0-48D4-96AF-F89280423892}
	EndGlobalSection
	GlobalSection(ExtensibilityGlobals) = postSolution
		SolutionGuid = {3D7E943E-27B5-46A8-BF68-760855F7602F}
	EndGlobalSection
EndGlobal
